// !$*UTF8*$!
{
	archiveVersion = 1;
	classes = {
	};
	objectVersion = 77;
	objects = {

/* Begin PBXBuildFile section */
		BBDE9CCA2E1C11FF00FABEC1 /* Assets.xcassets in Resources */ = {isa = PBXBuildFile; fileRef = BBDE9CC62E1C11FF00FABEC1 /* Assets.xcassets */; };
		BBDE9CCB2E1C11FF00FABEC1 /* PhotoGridView.swift in Sources */ = {isa = PBXBuildFile; fileRef = BBDE9CC72E1C11FF00FABEC1 /* PhotoGridView.swift */; };
		BBDE9CCC2E1C11FF00FABEC1 /* PhotoGridApp.swift in Sources */ = {isa = PBXBuildFile; fileRef = BBDE9CC82E1C11FF00FABEC1 /* PhotoGridApp.swift */; };
		BBDE9CCF2E1C120200FABEC1 /* PhotoGridTests.swift in Sources */ = {isa = PBXBuildFile; fileRef = BBDE9CCD2E1C120200FABEC1 /* PhotoGridTests.swift */; };
		BBDE9CD32E1C120500FABEC1 /* PhotoGridUITests.swift in Sources */ = {isa = PBXBuildFile; fileRef = BBDE9CD02E1C120500FABEC1 /* PhotoGridUITests.swift */; };
		BBDE9CD42E1C120500FABEC1 /* PhotoGridUITestsLaunchTests.swift in Sources */ = {isa = PBXBuildFile; fileRef = BBDE9CD12E1C120500FABEC1 /* PhotoGridUITestsLaunchTests.swift */; };
		BBDE9CDC2E1C12A900FABEC1 /* Navigator.swift in Sources */ = {isa = PBXBuildFile; fileRef = BBDE9CDB2E1C12A900FABEC1 /* Navigator.swift */; };
		BBDE9CDE2E1C12C300FABEC1 /* AppRootView.swift in Sources */ = {isa = PBXBuildFile; fileRef = BBDE9CDD2E1C12C300FABEC1 /* AppRootView.swift */; };
		BBDE9CE02E1C12EB00FABEC1 /* PhotoGridCoordinator.swift in Sources */ = {isa = PBXBuildFile; fileRef = BBDE9CDF2E1C12EB00FABEC1 /* PhotoGridCoordinator.swift */; };
		BBDE9CE42E1C132C00FABEC1 /* PhotoGridViewModel.swift in Sources */ = {isa = PBXBuildFile; fileRef = BBDE9CE32E1C132C00FABEC1 /* PhotoGridViewModel.swift */; };
		BBDE9CE72E1C14DE00FABEC1 /* FavouritesView.swift in Sources */ = {isa = PBXBuildFile; fileRef = BBDE9CE62E1C14DE00FABEC1 /* FavouritesView.swift */; };
		BBDE9CE92E1C16F800FABEC1 /* FavouritesCoordinator.swift in Sources */ = {isa = PBXBuildFile; fileRef = BBDE9CE82E1C16F800FABEC1 /* FavouritesCoordinator.swift */; };
		BBDE9CEB2E1C170600FABEC1 /* FavouritesViewModel.swift in Sources */ = {isa = PBXBuildFile; fileRef = BBDE9CEA2E1C170600FABEC1 /* FavouritesViewModel.swift */; };
		BBDE9CEE2E1C195B00FABEC1 /* Networking in Frameworks */ = {isa = PBXBuildFile; productRef = BBDE9CED2E1C195B00FABEC1 /* Networking */; };
		BBDE9CF12E1C1A6500FABEC1 /* Networking in Frameworks */ = {isa = PBXBuildFile; productRef = BBDE9CF02E1C1A6500FABEC1 /* Networking */; };
		BBDE9CF82E1C3BFF00FABEC1 /* PhotoProvider.swift in Sources */ = {isa = PBXBuildFile; fileRef = BBDE9CF72E1C3BFF00FABEC1 /* PhotoProvider.swift */; };
		BBDE9CFB2E1C3CC900FABEC1 /* AppConstants.swift in Sources */ = {isa = PBXBuildFile; fileRef = BBDE9CFA2E1C3CC900FABEC1 /* AppConstants.swift */; };
		BBDE9CFE2E1C3E5000FABEC1 /* PhotoDTO.swift in Sources */ = {isa = PBXBuildFile; fileRef = BBDE9CFD2E1C3E5000FABEC1 /* PhotoDTO.swift */; };
		BBDE9D012E1C3E8E00FABEC1 /* Photo.swift in Sources */ = {isa = PBXBuildFile; fileRef = BBDE9D002E1C3E8E00FABEC1 /* Photo.swift */; };
		BBDE9D062E1C5AEB00FABEC1 /* NetworkImageView.swift in Sources */ = {isa = PBXBuildFile; fileRef = BBDE9D052E1C5AEB00FABEC1 /* NetworkImageView.swift */; };
		BBDE9D0B2E1C5F8300FABEC1 /* PreviewProvider+PhotoGridViewModel.swift in Sources */ = {isa = PBXBuildFile; fileRef = BBDE9D0A2E1C5F8300FABEC1 /* PreviewProvider+PhotoGridViewModel.swift */; };
		BBDE9D0D2E1C604700FABEC1 /* Photo+Mock.swift in Sources */ = {isa = PBXBuildFile; fileRef = BBDE9D0C2E1C604700FABEC1 /* Photo+Mock.swift */; };
		BBDE9D0F2E1C6C5B00FABEC1 /* PhotoGridItemView.swift in Sources */ = {isa = PBXBuildFile; fileRef = BBDE9D0E2E1C6C5B00FABEC1 /* PhotoGridItemView.swift */; };
		BBDE9D142E1D2CEB00FABEC1 /* PhotoDetailView.swift in Sources */ = {isa = PBXBuildFile; fileRef = BBDE9D132E1D2CEB00FABEC1 /* PhotoDetailView.swift */; };
		BBDE9D172E1D982500FABEC1 /* FavouritesManager.swift in Sources */ = {isa = PBXBuildFile; fileRef = BBDE9D152E1D982500FABEC1 /* FavouritesManager.swift */; };
		BBDE9D1A2E1D9CF300FABEC1 /* FavouritePhoto.swift in Sources */ = {isa = PBXBuildFile; fileRef = BBDE9D182E1D9CF300FABEC1 /* FavouritePhoto.swift */; };
		BBDE9D1C2E1DACC200FABEC1 /* PhotoDetailViewModel.swift in Sources */ = {isa = PBXBuildFile; fileRef = BBDE9D1B2E1DACC200FABEC1 /* PhotoDetailViewModel.swift */; };
		BBDE9D1F2E1DB56800FABEC1 /* PreviewProvider+PhotoDetailViewModel.swift in Sources */ = {isa = PBXBuildFile; fileRef = BBDE9D1E2E1DB56800FABEC1 /* PreviewProvider+PhotoDetailViewModel.swift */; };
		BBDE9D212E1DB62000FABEC1 /* PhotoService.swift in Sources */ = {isa = PBXBuildFile; fileRef = BBDE9D202E1DB61000FABEC1 /* PhotoService.swift */; };
		BBDE9D212E1E633C00FABEC1 /* PreviewProvider+FavouritesViewModel.swift in Sources */ = {isa = PBXBuildFile; fileRef = BBDE9D202E1E633C00FABEC1 /* PreviewProvider+FavouritesViewModel.swift */; };
		BBDE9D282E1EABFB00FABEC1 /* MockFavouritesManager.swift in Sources */ = {isa = PBXBuildFile; fileRef = BBDE9D272E1EABFB00FABEC1 /* MockFavouritesManager.swift */; };
		BBDE9D2A2E1EB1B400FABEC1 /* PhotoListItemView.swift in Sources */ = {isa = PBXBuildFile; fileRef = BBDE9D292E1EB1B400FABEC1 /* PhotoListItemView.swift */; };
		BBDE9D2F2E1EB79500FABEC1 /* PlaceholderImageView.swift in Sources */ = {isa = PBXBuildFile; fileRef = BBDE9D2E2E1EB79500FABEC1 /* PlaceholderImageView.swift */; };
		BBDE9D312E1F0A4600FABEC1 /* ErrorView.swift in Sources */ = {isa = PBXBuildFile; fileRef = BBDE9D302E1F0A4600FABEC1 /* ErrorView.swift */; };
		BBDE9D332E1F0A6600FABEC1 /* ErrorViewModel.swift in Sources */ = {isa = PBXBuildFile; fileRef = BBDE9D322E1F0A6600FABEC1 /* ErrorViewModel.swift */; };
		BBDE9D352E1F0E0C00FABEC1 /* PreviewProvider+ErrorViewModel.swift in Sources */ = {isa = PBXBuildFile; fileRef = BBDE9D342E1F0E0C00FABEC1 /* PreviewProvider+ErrorViewModel.swift */; };
		BBDE9D3B2E1FD24700FABEC1 /* ImageLoader.swift in Sources */ = {isa = PBXBuildFile; fileRef = BBDE9D382E1FD24700FABEC1 /* ImageLoader.swift */; };
		BBDE9D3C2E1FD24700FABEC1 /* ImageCacher.swift in Sources */ = {isa = PBXBuildFile; fileRef = BBDE9D392E1FD24700FABEC1 /* ImageCacher.swift */; };
		BBDE9D402E1FE35200FABEC1 /* View+onFirstAppear.swift in Sources */ = {isa = PBXBuildFile; fileRef = BBDE9D3F2E1FE35200FABEC1 /* View+onFirstAppear.swift */; };
		BBDE9D422E1FE80900FABEC1 /* MockPhotoProvider.swift in Sources */ = {isa = PBXBuildFile; fileRef = BBDE9D412E1FE80900FABEC1 /* MockPhotoProvider.swift */; };
/* End PBXBuildFile section */

/* Begin PBXContainerItemProxy section */
		BBDE9CAA2E1C11A200FABEC1 /* PBXContainerItemProxy */ = {
			isa = PBXContainerItemProxy;
			containerPortal = BBDE9C942E1C119F00FABEC1 /* Project object */;
			proxyType = 1;
			remoteGlobalIDString = BBDE9C9B2E1C119F00FABEC1;
			remoteInfo = PhotoGrid;
		};
		BBDE9CB42E1C11A200FABEC1 /* PBXContainerItemProxy */ = {
			isa = PBXContainerItemProxy;
			containerPortal = BBDE9C942E1C119F00FABEC1 /* Project object */;
			proxyType = 1;
			remoteGlobalIDString = BBDE9C9B2E1C119F00FABEC1;
			remoteInfo = PhotoGrid;
		};
/* End PBXContainerItemProxy section */

/* Begin PBXFileReference section */
		BBDE9C9C2E1C119F00FABEC1 /* PhotoGrid.app */ = {isa = PBXFileReference; explicitFileType = wrapper.application; includeInIndex = 0; path = PhotoGrid.app; sourceTree = BUILT_PRODUCTS_DIR; };
		BBDE9CA92E1C11A200FABEC1 /* PhotoGridTests.xctest */ = {isa = PBXFileReference; explicitFileType = wrapper.cfbundle; includeInIndex = 0; path = PhotoGridTests.xctest; sourceTree = BUILT_PRODUCTS_DIR; };
		BBDE9CB32E1C11A200FABEC1 /* PhotoGridUITests.xctest */ = {isa = PBXFileReference; explicitFileType = wrapper.cfbundle; includeInIndex = 0; path = PhotoGridUITests.xctest; sourceTree = BUILT_PRODUCTS_DIR; };
		BBDE9CC62E1C11FF00FABEC1 /* Assets.xcassets */ = {isa = PBXFileReference; lastKnownFileType = folder.assetcatalog; path = Assets.xcassets; sourceTree = "<group>"; };
		BBDE9CC72E1C11FF00FABEC1 /* PhotoGridView.swift */ = {isa = PBXFileReference; lastKnownFileType = sourcecode.swift; path = PhotoGridView.swift; sourceTree = "<group>"; };
		BBDE9CC82E1C11FF00FABEC1 /* PhotoGridApp.swift */ = {isa = PBXFileReference; lastKnownFileType = sourcecode.swift; path = PhotoGridApp.swift; sourceTree = "<group>"; };
		BBDE9CCD2E1C120200FABEC1 /* PhotoGridTests.swift */ = {isa = PBXFileReference; lastKnownFileType = sourcecode.swift; path = PhotoGridTests.swift; sourceTree = "<group>"; };
		BBDE9CD02E1C120500FABEC1 /* PhotoGridUITests.swift */ = {isa = PBXFileReference; lastKnownFileType = sourcecode.swift; path = PhotoGridUITests.swift; sourceTree = "<group>"; };
		BBDE9CD12E1C120500FABEC1 /* PhotoGridUITestsLaunchTests.swift */ = {isa = PBXFileReference; lastKnownFileType = sourcecode.swift; path = PhotoGridUITestsLaunchTests.swift; sourceTree = "<group>"; };
		BBDE9CDB2E1C12A900FABEC1 /* Navigator.swift */ = {isa = PBXFileReference; lastKnownFileType = sourcecode.swift; path = Navigator.swift; sourceTree = "<group>"; };
		BBDE9CDD2E1C12C300FABEC1 /* AppRootView.swift */ = {isa = PBXFileReference; lastKnownFileType = sourcecode.swift; path = AppRootView.swift; sourceTree = "<group>"; };
		BBDE9CDF2E1C12EB00FABEC1 /* PhotoGridCoordinator.swift */ = {isa = PBXFileReference; lastKnownFileType = sourcecode.swift; path = PhotoGridCoordinator.swift; sourceTree = "<group>"; };
		BBDE9CE32E1C132C00FABEC1 /* PhotoGridViewModel.swift */ = {isa = PBXFileReference; lastKnownFileType = sourcecode.swift; path = PhotoGridViewModel.swift; sourceTree = "<group>"; };
		BBDE9CE62E1C14DE00FABEC1 /* FavouritesView.swift */ = {isa = PBXFileReference; lastKnownFileType = sourcecode.swift; path = FavouritesView.swift; sourceTree = "<group>"; };
		BBDE9CE82E1C16F800FABEC1 /* FavouritesCoordinator.swift */ = {isa = PBXFileReference; lastKnownFileType = sourcecode.swift; path = FavouritesCoordinator.swift; sourceTree = "<group>"; };
		BBDE9CEA2E1C170600FABEC1 /* FavouritesViewModel.swift */ = {isa = PBXFileReference; lastKnownFileType = sourcecode.swift; path = FavouritesViewModel.swift; sourceTree = "<group>"; };
		BBDE9CF72E1C3BFF00FABEC1 /* PhotoProvider.swift */ = {isa = PBXFileReference; lastKnownFileType = sourcecode.swift; path = PhotoProvider.swift; sourceTree = "<group>"; };
		BBDE9CFA2E1C3CC900FABEC1 /* AppConstants.swift */ = {isa = PBXFileReference; lastKnownFileType = sourcecode.swift; path = AppConstants.swift; sourceTree = "<group>"; };
		BBDE9CFD2E1C3E5000FABEC1 /* PhotoDTO.swift */ = {isa = PBXFileReference; lastKnownFileType = sourcecode.swift; path = PhotoDTO.swift; sourceTree = "<group>"; };
		BBDE9D002E1C3E8E00FABEC1 /* Photo.swift */ = {isa = PBXFileReference; lastKnownFileType = sourcecode.swift; path = Photo.swift; sourceTree = "<group>"; };
		BBDE9D052E1C5AEB00FABEC1 /* NetworkImageView.swift */ = {isa = PBXFileReference; lastKnownFileType = sourcecode.swift; path = NetworkImageView.swift; sourceTree = "<group>"; };
		BBDE9D0A2E1C5F8300FABEC1 /* PreviewProvider+PhotoGridViewModel.swift */ = {isa = PBXFileReference; lastKnownFileType = sourcecode.swift; path = "PreviewProvider+PhotoGridViewModel.swift"; sourceTree = "<group>"; };
		BBDE9D0C2E1C604700FABEC1 /* Photo+Mock.swift */ = {isa = PBXFileReference; lastKnownFileType = sourcecode.swift; path = "Photo+Mock.swift"; sourceTree = "<group>"; };
		BBDE9D0E2E1C6C5B00FABEC1 /* PhotoGridItemView.swift */ = {isa = PBXFileReference; lastKnownFileType = sourcecode.swift; path = PhotoGridItemView.swift; sourceTree = "<group>"; };
		BBDE9D132E1D2CEB00FABEC1 /* PhotoDetailView.swift */ = {isa = PBXFileReference; lastKnownFileType = sourcecode.swift; path = PhotoDetailView.swift; sourceTree = "<group>"; };
		BBDE9D152E1D982500FABEC1 /* FavouritesManager.swift */ = {isa = PBXFileReference; lastKnownFileType = sourcecode.swift; path = FavouritesManager.swift; sourceTree = "<group>"; };
		BBDE9D182E1D9CF300FABEC1 /* FavouritePhoto.swift */ = {isa = PBXFileReference; lastKnownFileType = sourcecode.swift; path = FavouritePhoto.swift; sourceTree = "<group>"; };
		BBDE9D1B2E1DACC200FABEC1 /* PhotoDetailViewModel.swift */ = {isa = PBXFileReference; lastKnownFileType = sourcecode.swift; path = PhotoDetailViewModel.swift; sourceTree = "<group>"; };
		BBDE9D1E2E1DB56800FABEC1 /* PreviewProvider+PhotoDetailViewModel.swift */ = {isa = PBXFileReference; lastKnownFileType = sourcecode.swift; path = "PreviewProvider+PhotoDetailViewModel.swift"; sourceTree = "<group>"; };
		BBDE9D202E1DB61000FABEC1 /* PhotoService.swift */ = {isa = PBXFileReference; lastKnownFileType = sourcecode.swift; path = PhotoService.swift; sourceTree = "<group>"; };
		BBDE9D202E1E633C00FABEC1 /* PreviewProvider+FavouritesViewModel.swift */ = {isa = PBXFileReference; lastKnownFileType = sourcecode.swift; path = "PreviewProvider+FavouritesViewModel.swift"; sourceTree = "<group>"; };
		BBDE9D272E1EABFB00FABEC1 /* MockFavouritesManager.swift */ = {isa = PBXFileReference; lastKnownFileType = sourcecode.swift; path = MockFavouritesManager.swift; sourceTree = "<group>"; };
		BBDE9D292E1EB1B400FABEC1 /* PhotoListItemView.swift */ = {isa = PBXFileReference; lastKnownFileType = sourcecode.swift; path = PhotoListItemView.swift; sourceTree = "<group>"; };
		BBDE9D2E2E1EB79500FABEC1 /* PlaceholderImageView.swift */ = {isa = PBXFileReference; lastKnownFileType = sourcecode.swift; path = PlaceholderImageView.swift; sourceTree = "<group>"; };
		BBDE9D302E1F0A4600FABEC1 /* ErrorView.swift */ = {isa = PBXFileReference; lastKnownFileType = sourcecode.swift; path = ErrorView.swift; sourceTree = "<group>"; };
		BBDE9D322E1F0A6600FABEC1 /* ErrorViewModel.swift */ = {isa = PBXFileReference; lastKnownFileType = sourcecode.swift; path = ErrorViewModel.swift; sourceTree = "<group>"; };
		BBDE9D342E1F0E0C00FABEC1 /* PreviewProvider+ErrorViewModel.swift */ = {isa = PBXFileReference; lastKnownFileType = sourcecode.swift; path = "PreviewProvider+ErrorViewModel.swift"; sourceTree = "<group>"; };
		BBDE9D382E1FD24700FABEC1 /* ImageLoader.swift */ = {isa = PBXFileReference; lastKnownFileType = sourcecode.swift; path = ImageLoader.swift; sourceTree = "<group>"; };
		BBDE9D392E1FD24700FABEC1 /* ImageCacher.swift */ = {isa = PBXFileReference; lastKnownFileType = sourcecode.swift; path = ImageCacher.swift; sourceTree = "<group>"; };
		BBDE9D3F2E1FE35200FABEC1 /* View+onFirstAppear.swift */ = {isa = PBXFileReference; lastKnownFileType = sourcecode.swift; path = "View+onFirstAppear.swift"; sourceTree = "<group>"; };
		BBDE9D412E1FE80900FABEC1 /* MockPhotoProvider.swift */ = {isa = PBXFileReference; lastKnownFileType = sourcecode.swift; path = MockPhotoProvider.swift; sourceTree = "<group>"; };
/* End PBXFileReference section */

/* Begin PBXFrameworksBuildPhase section */
		BBDE9C992E1C119F00FABEC1 /* Frameworks */ = {
			isa = PBXFrameworksBuildPhase;
			buildActionMask = 2147483647;
			files = (
				BBDE9CF12E1C1A6500FABEC1 /* Networking in Frameworks */,
				BBDE9CEE2E1C195B00FABEC1 /* Networking in Frameworks */,
			);
			runOnlyForDeploymentPostprocessing = 0;
		};
		BBDE9CA62E1C11A200FABEC1 /* Frameworks */ = {
			isa = PBXFrameworksBuildPhase;
			buildActionMask = 2147483647;
			files = (
			);
			runOnlyForDeploymentPostprocessing = 0;
		};
		BBDE9CB02E1C11A200FABEC1 /* Frameworks */ = {
			isa = PBXFrameworksBuildPhase;
			buildActionMask = 2147483647;
			files = (
			);
			runOnlyForDeploymentPostprocessing = 0;
		};
/* End PBXFrameworksBuildPhase section */

/* Begin PBXGroup section */
		BBDE9C932E1C119F00FABEC1 = {
			isa = PBXGroup;
			children = (
				BBDE9CC92E1C11FF00FABEC1 /* PhotoGrid */,
				BBDE9CCE2E1C120200FABEC1 /* PhotoGridTests */,
				BBDE9CD22E1C120500FABEC1 /* PhotoGridUITests */,
				BBDE9C9D2E1C119F00FABEC1 /* Products */,
			);
			sourceTree = "<group>";
		};
		BBDE9C9D2E1C119F00FABEC1 /* Products */ = {
			isa = PBXGroup;
			children = (
				BBDE9C9C2E1C119F00FABEC1 /* PhotoGrid.app */,
				BBDE9CA92E1C11A200FABEC1 /* PhotoGridTests.xctest */,
				BBDE9CB32E1C11A200FABEC1 /* PhotoGridUITests.xctest */,
			);
			name = Products;
			sourceTree = "<group>";
		};
		BBDE9CC92E1C11FF00FABEC1 /* PhotoGrid */ = {
			isa = PBXGroup;
			children = (
				BBDE9CD72E1C121F00FABEC1 /* App */,
				BBDE9CD82E1C122600FABEC1 /* Core */,
				BBDE9CD92E1C122B00FABEC1 /* Features */,
				BBDE9CD62E1C121A00FABEC1 /* Shared */,
				BBDE9CD52E1C120B00FABEC1 /* Resources */,
			);
			path = PhotoGrid;
			sourceTree = "<group>";
		};
		BBDE9CCE2E1C120200FABEC1 /* PhotoGridTests */ = {
			isa = PBXGroup;
			children = (
				BBDE9CCD2E1C120200FABEC1 /* PhotoGridTests.swift */,
			);
			path = PhotoGridTests;
			sourceTree = "<group>";
		};
		BBDE9CD22E1C120500FABEC1 /* PhotoGridUITests */ = {
			isa = PBXGroup;
			children = (
				BBDE9CD02E1C120500FABEC1 /* PhotoGridUITests.swift */,
				BBDE9CD12E1C120500FABEC1 /* PhotoGridUITestsLaunchTests.swift */,
			);
			path = PhotoGridUITests;
			sourceTree = "<group>";
		};
		BBDE9CD52E1C120B00FABEC1 /* Resources */ = {
			isa = PBXGroup;
			children = (
				BBDE9CC62E1C11FF00FABEC1 /* Assets.xcassets */,
			);
			path = Resources;
			sourceTree = "<group>";
		};
		BBDE9CD62E1C121A00FABEC1 /* Shared */ = {
			isa = PBXGroup;
			children = (
				BBDE9D3E2E1FE33600FABEC1 /* Extensions */,
				BBDE9D262E1EABF300FABEC1 /* Mocks */,
				BBDE9D092E1C5F5900FABEC1 /* Preview Helpers */,
				BBDE9D042E1C5ADF00FABEC1 /* Components */,
			);
			path = Shared;
			sourceTree = "<group>";
		};
		BBDE9CD72E1C121F00FABEC1 /* App */ = {
			isa = PBXGroup;
			children = (
				BBDE9CC82E1C11FF00FABEC1 /* PhotoGridApp.swift */,
				BBDE9CDD2E1C12C300FABEC1 /* AppRootView.swift */,
			);
			path = App;
			sourceTree = "<group>";
		};
		BBDE9CD82E1C122600FABEC1 /* Core */ = {
			isa = PBXGroup;
			children = (
				BBDE9CF92E1C3CAB00FABEC1 /* Constants */,
				BBDE9CF62E1C3BD100FABEC1 /* Providers */,
				BBDE9CF32E1C3B8C00FABEC1 /* Domain */,
				BBDE9CDA2E1C129A00FABEC1 /* Navigating */,
				BBDE9D3A2E1FD24700FABEC1 /* Utils */,
			);
			path = Core;
			sourceTree = "<group>";
		};
		BBDE9CD92E1C122B00FABEC1 /* Features */ = {
			isa = PBXGroup;
			children = (
				BBDE9CE12E1C12F000FABEC1 /* Photo Grid */,
				BBDE9CE52E1C14AA00FABEC1 /* Favourites */,
			);
			path = Features;
			sourceTree = "<group>";
		};
		BBDE9CDA2E1C129A00FABEC1 /* Navigating */ = {
			isa = PBXGroup;
			children = (
				BBDE9CDB2E1C12A900FABEC1 /* Navigator.swift */,
			);
			path = Navigating;
			sourceTree = "<group>";
		};
		BBDE9CE12E1C12F000FABEC1 /* Photo Grid */ = {
			isa = PBXGroup;
			children = (
				BBDE9CF22E1C3B8600FABEC1 /* Presentation */,
			);
			path = "Photo Grid";
			sourceTree = "<group>";
		};
		BBDE9CE52E1C14AA00FABEC1 /* Favourites */ = {
			isa = PBXGroup;
			children = (
				BBDE9CE82E1C16F800FABEC1 /* FavouritesCoordinator.swift */,
				BBDE9D292E1EB1B400FABEC1 /* PhotoListItemView.swift */,
				BBDE9CE62E1C14DE00FABEC1 /* FavouritesView.swift */,
				BBDE9CEA2E1C170600FABEC1 /* FavouritesViewModel.swift */,
			);
			path = Favourites;
			sourceTree = "<group>";
		};
		BBDE9CF22E1C3B8600FABEC1 /* Presentation */ = {
			isa = PBXGroup;
			children = (
				BBDE9CDF2E1C12EB00FABEC1 /* PhotoGridCoordinator.swift */,
				BBDE9D102E1C6FB800FABEC1 /* Photo Grid */,
				BBDE9D1D2E1DAD2000FABEC1 /* Photo Detail */,
			);
			path = Presentation;
			sourceTree = "<group>";
		};
		BBDE9CF32E1C3B8C00FABEC1 /* Domain */ = {
			isa = PBXGroup;
			children = (
				BBDE9D152E1D982500FABEC1 /* FavouritesManager.swift */,
				BBDE9D202E1DB61000FABEC1 /* PhotoService.swift */,
				BBDE9CFF2E1C3E7F00FABEC1 /* DOs */,
			);
			path = Domain;
			sourceTree = "<group>";
		};
		BBDE9CF62E1C3BD100FABEC1 /* Providers */ = {
			isa = PBXGroup;
			children = (
				BBDE9CF72E1C3BFF00FABEC1 /* PhotoProvider.swift */,
				BBDE9CFC2E1C3E4700FABEC1 /* DTOs */,
			);
			path = Providers;
			sourceTree = "<group>";
		};
		BBDE9CF92E1C3CAB00FABEC1 /* Constants */ = {
			isa = PBXGroup;
			children = (
				BBDE9CFA2E1C3CC900FABEC1 /* AppConstants.swift */,
			);
			path = Constants;
			sourceTree = "<group>";
		};
		BBDE9CFC2E1C3E4700FABEC1 /* DTOs */ = {
			isa = PBXGroup;
			children = (
				BBDE9CFD2E1C3E5000FABEC1 /* PhotoDTO.swift */,
			);
			path = DTOs;
			sourceTree = "<group>";
		};
		BBDE9CFF2E1C3E7F00FABEC1 /* DOs */ = {
			isa = PBXGroup;
			children = (
				BBDE9D182E1D9CF300FABEC1 /* FavouritePhoto.swift */,
				BBDE9D002E1C3E8E00FABEC1 /* Photo.swift */,
			);
			path = DOs;
			sourceTree = "<group>";
		};
		BBDE9D042E1C5ADF00FABEC1 /* Components */ = {
			isa = PBXGroup;
			children = (
				BBDE9D052E1C5AEB00FABEC1 /* NetworkImageView.swift */,
				BBDE9D2E2E1EB79500FABEC1 /* PlaceholderImageView.swift */,
				BBDE9D302E1F0A4600FABEC1 /* ErrorView.swift */,
				BBDE9D322E1F0A6600FABEC1 /* ErrorViewModel.swift */,
			);
			path = Components;
			sourceTree = "<group>";
		};
		BBDE9D092E1C5F5900FABEC1 /* Preview Helpers */ = {
			isa = PBXGroup;
			children = (
				BBDE9D0A2E1C5F8300FABEC1 /* PreviewProvider+PhotoGridViewModel.swift */,
				BBDE9D1E2E1DB56800FABEC1 /* PreviewProvider+PhotoDetailViewModel.swift */,
				BBDE9D202E1E633C00FABEC1 /* PreviewProvider+FavouritesViewModel.swift */,
				BBDE9D342E1F0E0C00FABEC1 /* PreviewProvider+ErrorViewModel.swift */,
			);
			path = "Preview Helpers";
			sourceTree = "<group>";
		};
		BBDE9D102E1C6FB800FABEC1 /* Photo Grid */ = {
			isa = PBXGroup;
			children = (
				BBDE9CC72E1C11FF00FABEC1 /* PhotoGridView.swift */,
				BBDE9CE32E1C132C00FABEC1 /* PhotoGridViewModel.swift */,
				BBDE9D0E2E1C6C5B00FABEC1 /* PhotoGridItemView.swift */,
			);
			path = "Photo Grid";
			sourceTree = "<group>";
		};
		BBDE9D1D2E1DAD2000FABEC1 /* Photo Detail */ = {
			isa = PBXGroup;
			children = (
				BBDE9D132E1D2CEB00FABEC1 /* PhotoDetailView.swift */,
				BBDE9D1B2E1DACC200FABEC1 /* PhotoDetailViewModel.swift */,
			);
			path = "Photo Detail";
			sourceTree = "<group>";
		};
		BBDE9D262E1EABF300FABEC1 /* Mocks */ = {
			isa = PBXGroup;
			children = (
				BBDE9D0C2E1C604700FABEC1 /* Photo+Mock.swift */,
				BBDE9D412E1FE80900FABEC1 /* MockPhotoProvider.swift */,
				BBDE9D272E1EABFB00FABEC1 /* MockFavouritesManager.swift */,
			);
			path = Mocks;
			sourceTree = "<group>";
		};
		BBDE9D3A2E1FD24700FABEC1 /* Utils */ = {
			isa = PBXGroup;
			children = (
				BBDE9D382E1FD24700FABEC1 /* ImageLoader.swift */,
				BBDE9D392E1FD24700FABEC1 /* ImageCacher.swift */,
			);
			path = Utils;
			sourceTree = "<group>";
		};
		BBDE9D3E2E1FE33600FABEC1 /* Extensions */ = {
			isa = PBXGroup;
			children = (
				BBDE9D3F2E1FE35200FABEC1 /* View+onFirstAppear.swift */,
			);
			path = Extensions;
			sourceTree = "<group>";
		};
/* End PBXGroup section */

/* Begin PBXNativeTarget section */
		BBDE9C9B2E1C119F00FABEC1 /* PhotoGrid */ = {
			isa = PBXNativeTarget;
			buildConfigurationList = BBDE9CBD2E1C11A200FABEC1 /* Build configuration list for PBXNativeTarget "PhotoGrid" */;
			buildPhases = (
				BBDE9C982E1C119F00FABEC1 /* Sources */,
				BBDE9C992E1C119F00FABEC1 /* Frameworks */,
				BBDE9C9A2E1C119F00FABEC1 /* Resources */,
			);
			buildRules = (
			);
			dependencies = (
			);
			name = PhotoGrid;
			packageProductDependencies = (
				BBDE9CED2E1C195B00FABEC1 /* Networking */,
				BBDE9CF02E1C1A6500FABEC1 /* Networking */,
			);
			productName = PhotoGrid;
			productReference = BBDE9C9C2E1C119F00FABEC1 /* PhotoGrid.app */;
			productType = "com.apple.product-type.application";
		};
		BBDE9CA82E1C11A200FABEC1 /* PhotoGridTests */ = {
			isa = PBXNativeTarget;
			buildConfigurationList = BBDE9CC02E1C11A200FABEC1 /* Build configuration list for PBXNativeTarget "PhotoGridTests" */;
			buildPhases = (
				BBDE9CA52E1C11A200FABEC1 /* Sources */,
				BBDE9CA62E1C11A200FABEC1 /* Frameworks */,
				BBDE9CA72E1C11A200FABEC1 /* Resources */,
			);
			buildRules = (
			);
			dependencies = (
				BBDE9CAB2E1C11A200FABEC1 /* PBXTargetDependency */,
			);
			name = PhotoGridTests;
			packageProductDependencies = (
			);
			productName = PhotoGridTests;
			productReference = BBDE9CA92E1C11A200FABEC1 /* PhotoGridTests.xctest */;
			productType = "com.apple.product-type.bundle.unit-test";
		};
		BBDE9CB22E1C11A200FABEC1 /* PhotoGridUITests */ = {
			isa = PBXNativeTarget;
			buildConfigurationList = BBDE9CC32E1C11A200FABEC1 /* Build configuration list for PBXNativeTarget "PhotoGridUITests" */;
			buildPhases = (
				BBDE9CAF2E1C11A200FABEC1 /* Sources */,
				BBDE9CB02E1C11A200FABEC1 /* Frameworks */,
				BBDE9CB12E1C11A200FABEC1 /* Resources */,
			);
			buildRules = (
			);
			dependencies = (
				BBDE9CB52E1C11A200FABEC1 /* PBXTargetDependency */,
			);
			name = PhotoGridUITests;
			packageProductDependencies = (
			);
			productName = PhotoGridUITests;
			productReference = BBDE9CB32E1C11A200FABEC1 /* PhotoGridUITests.xctest */;
			productType = "com.apple.product-type.bundle.ui-testing";
		};
/* End PBXNativeTarget section */

/* Begin PBXProject section */
		BBDE9C942E1C119F00FABEC1 /* Project object */ = {
			isa = PBXProject;
			attributes = {
				BuildIndependentTargetsInParallel = 1;
				LastSwiftUpdateCheck = 1640;
				LastUpgradeCheck = 1640;
				TargetAttributes = {
					BBDE9C9B2E1C119F00FABEC1 = {
						CreatedOnToolsVersion = 16.4;
					};
					BBDE9CA82E1C11A200FABEC1 = {
						CreatedOnToolsVersion = 16.4;
						TestTargetID = BBDE9C9B2E1C119F00FABEC1;
					};
					BBDE9CB22E1C11A200FABEC1 = {
						CreatedOnToolsVersion = 16.4;
						TestTargetID = BBDE9C9B2E1C119F00FABEC1;
					};
				};
			};
			buildConfigurationList = BBDE9C972E1C119F00FABEC1 /* Build configuration list for PBXProject "PhotoGrid" */;
			developmentRegion = en;
			hasScannedForEncodings = 0;
			knownRegions = (
				en,
				Base,
			);
			mainGroup = BBDE9C932E1C119F00FABEC1;
			minimizedProjectReferenceProxies = 1;
			packageReferences = (
				BBDE9CEF2E1C1A6500FABEC1 /* XCLocalSwiftPackageReference "Networking" */,
			);
			preferredProjectObjectVersion = 77;
			productRefGroup = BBDE9C9D2E1C119F00FABEC1 /* Products */;
			projectDirPath = "";
			projectRoot = "";
			targets = (
				BBDE9C9B2E1C119F00FABEC1 /* PhotoGrid */,
				BBDE9CA82E1C11A200FABEC1 /* PhotoGridTests */,
				BBDE9CB22E1C11A200FABEC1 /* PhotoGridUITests */,
			);
		};
/* End PBXProject section */

/* Begin PBXResourcesBuildPhase section */
		BBDE9C9A2E1C119F00FABEC1 /* Resources */ = {
			isa = PBXResourcesBuildPhase;
			buildActionMask = 2147483647;
			files = (
				BBDE9CCA2E1C11FF00FABEC1 /* Assets.xcassets in Resources */,
			);
			runOnlyForDeploymentPostprocessing = 0;
		};
		BBDE9CA72E1C11A200FABEC1 /* Resources */ = {
			isa = PBXResourcesBuildPhase;
			buildActionMask = 2147483647;
			files = (
			);
			runOnlyForDeploymentPostprocessing = 0;
		};
		BBDE9CB12E1C11A200FABEC1 /* Resources */ = {
			isa = PBXResourcesBuildPhase;
			buildActionMask = 2147483647;
			files = (
			);
			runOnlyForDeploymentPostprocessing = 0;
		};
/* End PBXResourcesBuildPhase section */

/* Begin PBXSourcesBuildPhase section */
		BBDE9C982E1C119F00FABEC1 /* Sources */ = {
			isa = PBXSourcesBuildPhase;
			buildActionMask = 2147483647;
			files = (
				BBDE9D012E1C3E8E00FABEC1 /* Photo.swift in Sources */,
				BBDE9CDE2E1C12C300FABEC1 /* AppRootView.swift in Sources */,
				BBDE9CF82E1C3BFF00FABEC1 /* PhotoProvider.swift in Sources */,
				BBDE9D172E1D982500FABEC1 /* FavouritesManager.swift in Sources */,
				BBDE9CE42E1C132C00FABEC1 /* PhotoGridViewModel.swift in Sources */,
				BBDE9CEB2E1C170600FABEC1 /* FavouritesViewModel.swift in Sources */,
				BBDE9CE92E1C16F800FABEC1 /* FavouritesCoordinator.swift in Sources */,
				BBDE9D402E1FE35200FABEC1 /* View+onFirstAppear.swift in Sources */,
				BBDE9D282E1EABFB00FABEC1 /* MockFavouritesManager.swift in Sources */,
				BBDE9D332E1F0A6600FABEC1 /* ErrorViewModel.swift in Sources */,
				BBDE9D1A2E1D9CF300FABEC1 /* FavouritePhoto.swift in Sources */,
				BBDE9CCB2E1C11FF00FABEC1 /* PhotoGridView.swift in Sources */,
				BBDE9D2A2E1EB1B400FABEC1 /* PhotoListItemView.swift in Sources */,
				BBDE9D312E1F0A4600FABEC1 /* ErrorView.swift in Sources */,
				BBDE9D0B2E1C5F8300FABEC1 /* PreviewProvider+PhotoGridViewModel.swift in Sources */,
				BBDE9D0F2E1C6C5B00FABEC1 /* PhotoGridItemView.swift in Sources */,
				BBDE9CCC2E1C11FF00FABEC1 /* PhotoGridApp.swift in Sources */,
				BBDE9D062E1C5AEB00FABEC1 /* NetworkImageView.swift in Sources */,
				BBDE9CFB2E1C3CC900FABEC1 /* AppConstants.swift in Sources */,
				BBDE9D422E1FE80900FABEC1 /* MockPhotoProvider.swift in Sources */,
				BBDE9CE02E1C12EB00FABEC1 /* PhotoGridCoordinator.swift in Sources */,
				BBDE9D352E1F0E0C00FABEC1 /* PreviewProvider+ErrorViewModel.swift in Sources */,
				BBDE9CE72E1C14DE00FABEC1 /* FavouritesView.swift in Sources */,
				BBDE9D212E1E633C00FABEC1 /* PreviewProvider+FavouritesViewModel.swift in Sources */,
				BBDE9D2F2E1EB79500FABEC1 /* PlaceholderImageView.swift in Sources */,
				BBDE9D0D2E1C604700FABEC1 /* Photo+Mock.swift in Sources */,
				BBDE9D3B2E1FD24700FABEC1 /* ImageLoader.swift in Sources */,
				BBDE9D3C2E1FD24700FABEC1 /* ImageCacher.swift in Sources */,
				BBDE9D1F2E1DB56800FABEC1 /* PreviewProvider+PhotoDetailViewModel.swift in Sources */,
				BBDE9CFE2E1C3E5000FABEC1 /* PhotoDTO.swift in Sources */,
				BBDE9D1C2E1DACC200FABEC1 /* PhotoDetailViewModel.swift in Sources */,
				BBDE9CDC2E1C12A900FABEC1 /* Navigator.swift in Sources */,
				BBDE9D142E1D2CEB00FABEC1 /* PhotoDetailView.swift in Sources */,
				BBDE9D212E1DB62000FABEC1 /* PhotoService.swift in Sources */,
			);
			runOnlyForDeploymentPostprocessing = 0;
		};
		BBDE9CA52E1C11A200FABEC1 /* Sources */ = {
			isa = PBXSourcesBuildPhase;
			buildActionMask = 2147483647;
			files = (
				BBDE9CCF2E1C120200FABEC1 /* PhotoGridTests.swift in Sources */,
			);
			runOnlyForDeploymentPostprocessing = 0;
		};
		BBDE9CAF2E1C11A200FABEC1 /* Sources */ = {
			isa = PBXSourcesBuildPhase;
			buildActionMask = 2147483647;
			files = (
				BBDE9CD32E1C120500FABEC1 /* PhotoGridUITests.swift in Sources */,
				BBDE9CD42E1C120500FABEC1 /* PhotoGridUITestsLaunchTests.swift in Sources */,
			);
			runOnlyForDeploymentPostprocessing = 0;
		};
/* End PBXSourcesBuildPhase section */

/* Begin PBXTargetDependency section */
		BBDE9CAB2E1C11A200FABEC1 /* PBXTargetDependency */ = {
			isa = PBXTargetDependency;
			target = BBDE9C9B2E1C119F00FABEC1 /* PhotoGrid */;
			targetProxy = BBDE9CAA2E1C11A200FABEC1 /* PBXContainerItemProxy */;
		};
		BBDE9CB52E1C11A200FABEC1 /* PBXTargetDependency */ = {
			isa = PBXTargetDependency;
			target = BBDE9C9B2E1C119F00FABEC1 /* PhotoGrid */;
			targetProxy = BBDE9CB42E1C11A200FABEC1 /* PBXContainerItemProxy */;
		};
/* End PBXTargetDependency section */

/* Begin XCBuildConfiguration section */
		BBDE9CBB2E1C11A200FABEC1 /* Debug */ = {
			isa = XCBuildConfiguration;
			buildSettings = {
				ALWAYS_SEARCH_USER_PATHS = NO;
				ASSETCATALOG_COMPILER_GENERATE_SWIFT_ASSET_SYMBOL_EXTENSIONS = YES;
				CLANG_ANALYZER_NONNULL = YES;
				CLANG_ANALYZER_NUMBER_OBJECT_CONVERSION = YES_AGGRESSIVE;
				CLANG_CXX_LANGUAGE_STANDARD = "gnu++20";
				CLANG_ENABLE_MODULES = YES;
				CLANG_ENABLE_OBJC_ARC = YES;
				CLANG_ENABLE_OBJC_WEAK = YES;
				CLANG_WARN_BLOCK_CAPTURE_AUTORELEASING = YES;
				CLANG_WARN_BOOL_CONVERSION = YES;
				CLANG_WARN_COMMA = YES;
				CLANG_WARN_CONSTANT_CONVERSION = YES;
				CLANG_WARN_DEPRECATED_OBJC_IMPLEMENTATIONS = YES;
				CLANG_WARN_DIRECT_OBJC_ISA_USAGE = YES_ERROR;
				CLANG_WARN_DOCUMENTATION_COMMENTS = YES;
				CLANG_WARN_EMPTY_BODY = YES;
				CLANG_WARN_ENUM_CONVERSION = YES;
				CLANG_WARN_INFINITE_RECURSION = YES;
				CLANG_WARN_INT_CONVERSION = YES;
				CLANG_WARN_NON_LITERAL_NULL_CONVERSION = YES;
				CLANG_WARN_OBJC_IMPLICIT_RETAIN_SELF = YES;
				CLANG_WARN_OBJC_LITERAL_CONVERSION = YES;
				CLANG_WARN_OBJC_ROOT_CLASS = YES_ERROR;
				CLANG_WARN_QUOTED_INCLUDE_IN_FRAMEWORK_HEADER = YES;
				CLANG_WARN_RANGE_LOOP_ANALYSIS = YES;
				CLANG_WARN_STRICT_PROTOTYPES = YES;
				CLANG_WARN_SUSPICIOUS_MOVE = YES;
				CLANG_WARN_UNGUARDED_AVAILABILITY = YES_AGGRESSIVE;
				CLANG_WARN_UNREACHABLE_CODE = YES;
				CLANG_WARN__DUPLICATE_METHOD_MATCH = YES;
				COPY_PHASE_STRIP = NO;
				DEBUG_INFORMATION_FORMAT = dwarf;
				DEVELOPMENT_TEAM = 27YU34ECNS;
				ENABLE_STRICT_OBJC_MSGSEND = YES;
				ENABLE_TESTABILITY = YES;
				ENABLE_USER_SCRIPT_SANDBOXING = YES;
				GCC_C_LANGUAGE_STANDARD = gnu17;
				GCC_DYNAMIC_NO_PIC = NO;
				GCC_NO_COMMON_BLOCKS = YES;
				GCC_OPTIMIZATION_LEVEL = 0;
				GCC_PREPROCESSOR_DEFINITIONS = (
					"DEBUG=1",
					"$(inherited)",
				);
				GCC_WARN_64_TO_32_BIT_CONVERSION = YES;
				GCC_WARN_ABOUT_RETURN_TYPE = YES_ERROR;
				GCC_WARN_UNDECLARED_SELECTOR = YES;
				GCC_WARN_UNINITIALIZED_AUTOS = YES_AGGRESSIVE;
				GCC_WARN_UNUSED_FUNCTION = YES;
				GCC_WARN_UNUSED_VARIABLE = YES;
				IPHONEOS_DEPLOYMENT_TARGET = 18.5;
				LOCALIZATION_PREFERS_STRING_CATALOGS = YES;
				MTL_ENABLE_DEBUG_INFO = INCLUDE_SOURCE;
				MTL_FAST_MATH = YES;
				ONLY_ACTIVE_ARCH = YES;
				SDKROOT = iphoneos;
				SWIFT_ACTIVE_COMPILATION_CONDITIONS = "DEBUG $(inherited)";
				SWIFT_OPTIMIZATION_LEVEL = "-Onone";
			};
			name = Debug;
		};
		BBDE9CBC2E1C11A200FABEC1 /* Release */ = {
			isa = XCBuildConfiguration;
			buildSettings = {
				ALWAYS_SEARCH_USER_PATHS = NO;
				ASSETCATALOG_COMPILER_GENERATE_SWIFT_ASSET_SYMBOL_EXTENSIONS = YES;
				CLANG_ANALYZER_NONNULL = YES;
				CLANG_ANALYZER_NUMBER_OBJECT_CONVERSION = YES_AGGRESSIVE;
				CLANG_CXX_LANGUAGE_STANDARD = "gnu++20";
				CLANG_ENABLE_MODULES = YES;
				CLANG_ENABLE_OBJC_ARC = YES;
				CLANG_ENABLE_OBJC_WEAK = YES;
				CLANG_WARN_BLOCK_CAPTURE_AUTORELEASING = YES;
				CLANG_WARN_BOOL_CONVERSION = YES;
				CLANG_WARN_COMMA = YES;
				CLANG_WARN_CONSTANT_CONVERSION = YES;
				CLANG_WARN_DEPRECATED_OBJC_IMPLEMENTATIONS = YES;
				CLANG_WARN_DIRECT_OBJC_ISA_USAGE = YES_ERROR;
				CLANG_WARN_DOCUMENTATION_COMMENTS = YES;
				CLANG_WARN_EMPTY_BODY = YES;
				CLANG_WARN_ENUM_CONVERSION = YES;
				CLANG_WARN_INFINITE_RECURSION = YES;
				CLANG_WARN_INT_CONVERSION = YES;
				CLANG_WARN_NON_LITERAL_NULL_CONVERSION = YES;
				CLANG_WARN_OBJC_IMPLICIT_RETAIN_SELF = YES;
				CLANG_WARN_OBJC_LITERAL_CONVERSION = YES;
				CLANG_WARN_OBJC_ROOT_CLASS = YES_ERROR;
				CLANG_WARN_QUOTED_INCLUDE_IN_FRAMEWORK_HEADER = YES;
				CLANG_WARN_RANGE_LOOP_ANALYSIS = YES;
				CLANG_WARN_STRICT_PROTOTYPES = YES;
				CLANG_WARN_SUSPICIOUS_MOVE = YES;
				CLANG_WARN_UNGUARDED_AVAILABILITY = YES_AGGRESSIVE;
				CLANG_WARN_UNREACHABLE_CODE = YES;
				CLANG_WARN__DUPLICATE_METHOD_MATCH = YES;
				COPY_PHASE_STRIP = NO;
				DEBUG_INFORMATION_FORMAT = "dwarf-with-dsym";
				DEVELOPMENT_TEAM = 27YU34ECNS;
				ENABLE_NS_ASSERTIONS = NO;
				ENABLE_STRICT_OBJC_MSGSEND = YES;
				ENABLE_USER_SCRIPT_SANDBOXING = YES;
				GCC_C_LANGUAGE_STANDARD = gnu17;
				GCC_NO_COMMON_BLOCKS = YES;
				GCC_WARN_64_TO_32_BIT_CONVERSION = YES;
				GCC_WARN_ABOUT_RETURN_TYPE = YES_ERROR;
				GCC_WARN_UNDECLARED_SELECTOR = YES;
				GCC_WARN_UNINITIALIZED_AUTOS = YES_AGGRESSIVE;
				GCC_WARN_UNUSED_FUNCTION = YES;
				GCC_WARN_UNUSED_VARIABLE = YES;
				IPHONEOS_DEPLOYMENT_TARGET = 18.5;
				LOCALIZATION_PREFERS_STRING_CATALOGS = YES;
				MTL_ENABLE_DEBUG_INFO = NO;
				MTL_FAST_MATH = YES;
				SDKROOT = iphoneos;
				SWIFT_COMPILATION_MODE = wholemodule;
				VALIDATE_PRODUCT = YES;
			};
			name = Release;
		};
		BBDE9CBE2E1C11A200FABEC1 /* Debug */ = {
			isa = XCBuildConfiguration;
			buildSettings = {
				ASSETCATALOG_COMPILER_APPICON_NAME = AppIcon;
				ASSETCATALOG_COMPILER_GLOBAL_ACCENT_COLOR_NAME = AccentColor;
				CODE_SIGN_STYLE = Automatic;
				CURRENT_PROJECT_VERSION = 1;
				DEVELOPMENT_TEAM = 27YU34ECNS;
				ENABLE_PREVIEWS = YES;
				GENERATE_INFOPLIST_FILE = YES;
				INFOPLIST_KEY_UIApplicationSceneManifest_Generation = YES;
				INFOPLIST_KEY_UIApplicationSupportsIndirectInputEvents = YES;
				INFOPLIST_KEY_UILaunchScreen_Generation = YES;
				INFOPLIST_KEY_UISupportedInterfaceOrientations_iPad = "UIInterfaceOrientationPortrait UIInterfaceOrientationPortraitUpsideDown UIInterfaceOrientationLandscapeLeft UIInterfaceOrientationLandscapeRight";
				INFOPLIST_KEY_UISupportedInterfaceOrientations_iPhone = "UIInterfaceOrientationPortrait UIInterfaceOrientationLandscapeLeft UIInterfaceOrientationLandscapeRight";
				LD_RUNPATH_SEARCH_PATHS = (
					"$(inherited)",
					"@executable_path/Frameworks",
				);
				MARKETING_VERSION = 1.0;
				PRODUCT_BUNDLE_IDENTIFIER = fatmadagdevir.PhotoGrid;
				PRODUCT_NAME = "$(TARGET_NAME)";
				SWIFT_EMIT_LOC_STRINGS = YES;
				SWIFT_VERSION = 5.0;
				TARGETED_DEVICE_FAMILY = "1,2";
			};
			name = Debug;
		};
		BBDE9CBF2E1C11A200FABEC1 /* Release */ = {
			isa = XCBuildConfiguration;
			buildSettings = {
				ASSETCATALOG_COMPILER_APPICON_NAME = AppIcon;
				ASSETCATALOG_COMPILER_GLOBAL_ACCENT_COLOR_NAME = AccentColor;
				CODE_SIGN_STYLE = Automatic;
				CURRENT_PROJECT_VERSION = 1;
				DEVELOPMENT_TEAM = 27YU34ECNS;
				ENABLE_PREVIEWS = YES;
				GENERATE_INFOPLIST_FILE = YES;
				INFOPLIST_KEY_UIApplicationSceneManifest_Generation = YES;
				INFOPLIST_KEY_UIApplicationSupportsIndirectInputEvents = YES;
				INFOPLIST_KEY_UILaunchScreen_Generation = YES;
				INFOPLIST_KEY_UISupportedInterfaceOrientations_iPad = "UIInterfaceOrientationPortrait UIInterfaceOrientationPortraitUpsideDown UIInterfaceOrientationLandscapeLeft UIInterfaceOrientationLandscapeRight";
				INFOPLIST_KEY_UISupportedInterfaceOrientations_iPhone = "UIInterfaceOrientationPortrait UIInterfaceOrientationLandscapeLeft UIInterfaceOrientationLandscapeRight";
				LD_RUNPATH_SEARCH_PATHS = (
					"$(inherited)",
					"@executable_path/Frameworks",
				);
				MARKETING_VERSION = 1.0;
				PRODUCT_BUNDLE_IDENTIFIER = fatmadagdevir.PhotoGrid;
				PRODUCT_NAME = "$(TARGET_NAME)";
				SWIFT_EMIT_LOC_STRINGS = YES;
				SWIFT_VERSION = 5.0;
				TARGETED_DEVICE_FAMILY = "1,2";
			};
			name = Release;
		};
		BBDE9CC12E1C11A200FABEC1 /* Debug */ = {
			isa = XCBuildConfiguration;
			buildSettings = {
				BUNDLE_LOADER = "$(TEST_HOST)";
				CODE_SIGN_STYLE = Automatic;
				CURRENT_PROJECT_VERSION = 1;
				DEVELOPMENT_TEAM = 27YU34ECNS;
				GENERATE_INFOPLIST_FILE = YES;
				IPHONEOS_DEPLOYMENT_TARGET = 18.5;
				MARKETING_VERSION = 1.0;
				PRODUCT_BUNDLE_IDENTIFIER = fatmadagdevir.PhotoGridTests;
				PRODUCT_NAME = "$(TARGET_NAME)";
				SWIFT_EMIT_LOC_STRINGS = NO;
				SWIFT_VERSION = 5.0;
				TARGETED_DEVICE_FAMILY = "1,2";
				TEST_HOST = "$(BUILT_PRODUCTS_DIR)/PhotoGrid.app/$(BUNDLE_EXECUTABLE_FOLDER_PATH)/PhotoGrid";
			};
			name = Debug;
		};
		BBDE9CC22E1C11A200FABEC1 /* Release */ = {
			isa = XCBuildConfiguration;
			buildSettings = {
				BUNDLE_LOADER = "$(TEST_HOST)";
				CODE_SIGN_STYLE = Automatic;
				CURRENT_PROJECT_VERSION = 1;
				DEVELOPMENT_TEAM = 27YU34ECNS;
				GENERATE_INFOPLIST_FILE = YES;
				IPHONEOS_DEPLOYMENT_TARGET = 18.5;
				MARKETING_VERSION = 1.0;
				PRODUCT_BUNDLE_IDENTIFIER = fatmadagdevir.PhotoGridTests;
				PRODUCT_NAME = "$(TARGET_NAME)";
				SWIFT_EMIT_LOC_STRINGS = NO;
				SWIFT_VERSION = 5.0;
				TARGETED_DEVICE_FAMILY = "1,2";
				TEST_HOST = "$(BUILT_PRODUCTS_DIR)/PhotoGrid.app/$(BUNDLE_EXECUTABLE_FOLDER_PATH)/PhotoGrid";
			};
			name = Release;
		};
		BBDE9CC42E1C11A200FABEC1 /* Debug */ = {
			isa = XCBuildConfiguration;
			buildSettings = {
				CODE_SIGN_STYLE = Automatic;
				CURRENT_PROJECT_VERSION = 1;
				DEVELOPMENT_TEAM = 27YU34ECNS;
				GENERATE_INFOPLIST_FILE = YES;
				MARKETING_VERSION = 1.0;
				PRODUCT_BUNDLE_IDENTIFIER = fatmadagdevir.PhotoGridUITests;
				PRODUCT_NAME = "$(TARGET_NAME)";
				SWIFT_EMIT_LOC_STRINGS = NO;
				SWIFT_VERSION = 5.0;
				TARGETED_DEVICE_FAMILY = "1,2";
				TEST_TARGET_NAME = PhotoGrid;
			};
			name = Debug;
		};
		BBDE9CC52E1C11A200FABEC1 /* Release */ = {
			isa = XCBuildConfiguration;
			buildSettings = {
				CODE_SIGN_STYLE = Automatic;
				CURRENT_PROJECT_VERSION = 1;
				DEVELOPMENT_TEAM = 27YU34ECNS;
				GENERATE_INFOPLIST_FILE = YES;
				MARKETING_VERSION = 1.0;
				PRODUCT_BUNDLE_IDENTIFIER = fatmadagdevir.PhotoGridUITests;
				PRODUCT_NAME = "$(TARGET_NAME)";
				SWIFT_EMIT_LOC_STRINGS = NO;
				SWIFT_VERSION = 5.0;
				TARGETED_DEVICE_FAMILY = "1,2";
				TEST_TARGET_NAME = PhotoGrid;
			};
			name = Release;
		};
/* End XCBuildConfiguration section */

/* Begin XCConfigurationList section */
		BBDE9C972E1C119F00FABEC1 /* Build configuration list for PBXProject "PhotoGrid" */ = {
			isa = XCConfigurationList;
			buildConfigurations = (
				BBDE9CBB2E1C11A200FABEC1 /* Debug */,
				BBDE9CBC2E1C11A200FABEC1 /* Release */,
			);
			defaultConfigurationIsVisible = 0;
			defaultConfigurationName = Release;
		};
		BBDE9CBD2E1C11A200FABEC1 /* Build configuration list for PBXNativeTarget "PhotoGrid" */ = {
			isa = XCConfigurationList;
			buildConfigurations = (
				BBDE9CBE2E1C11A200FABEC1 /* Debug */,
				BBDE9CBF2E1C11A200FABEC1 /* Release */,
			);
			defaultConfigurationIsVisible = 0;
			defaultConfigurationName = Release;
		};
		BBDE9CC02E1C11A200FABEC1 /* Build configuration list for PBXNativeTarget "PhotoGridTests" */ = {
			isa = XCConfigurationList;
			buildConfigurations = (
				BBDE9CC12E1C11A200FABEC1 /* Debug */,
				BBDE9CC22E1C11A200FABEC1 /* Release */,
			);
			defaultConfigurationIsVisible = 0;
			defaultConfigurationName = Release;
		};
		BBDE9CC32E1C11A200FABEC1 /* Build configuration list for PBXNativeTarget "PhotoGridUITests" */ = {
			isa = XCConfigurationList;
			buildConfigurations = (
				BBDE9CC42E1C11A200FABEC1 /* Debug */,
				BBDE9CC52E1C11A200FABEC1 /* Release */,
			);
			defaultConfigurationIsVisible = 0;
			defaultConfigurationName = Release;
		};
/* End XCConfigurationList section */

/* Begin XCLocalSwiftPackageReference section */
		BBDE9CEF2E1C1A6500FABEC1 /* XCLocalSwiftPackageReference "Networking" */ = {
			isa = XCLocalSwiftPackageReference;
			relativePath = Networking;
		};
/* End XCLocalSwiftPackageReference section */

/* Begin XCSwiftPackageProductDependency section */
		BBDE9CED2E1C195B00FABEC1 /* Networking */ = {
			isa = XCSwiftPackageProductDependency;
			productName = Networking;
		};
		BBDE9CF02E1C1A6500FABEC1 /* Networking */ = {
			isa = XCSwiftPackageProductDependency;
			productName = Networking;
		};
/* End XCSwiftPackageProductDependency section */
	};
	rootObject = BBDE9C942E1C119F00FABEC1 /* Project object */;
}
